
Microsoft Visual Studio Solution File, Format Version 12.00
# Visual Studio Version 17
VisualStudioVersion = 17.6.33815.320
MinimumVisualStudioVersion = 10.0.40219.1
Project("{FAE04EC0-301F-11D3-BF4B-00C04F79EFBC}") = "Collect_Delegate", "Collect_Delegate\Collect_Delegate.csproj", "{21AFC4EC-DEDE-421B-A5A6-E8F431D1F9BA}"
EndProject
Global
	GlobalSection(SolutionConfigurationPlatforms) = preSolution
		Debug|Any CPU = Debug|Any CPU
		Release|Any CPU = Release|Any CPU
	EndGlobalSection
	GlobalSection(ProjectConfigurationPlatforms) = postSolution
		{21AFC4EC-DEDE-421B-A5A6-E8F431D1F9BA}.Debug|Any CPU.ActiveCfg = Debug|Any CPU
		{21AFC4EC-DEDE-421B-A5A6-E8F431D1F9BA}.Debug|Any CPU.Build.0 = Debug|Any CPU
		{21AFC4EC-DEDE-421B-A5A6-E8F431D1F9BA}.Release|Any CPU.ActiveCfg = Release|Any CPU
		{21AFC4EC-DEDE-421B-A5A6-E8F431D1F9BA}.Release|Any CPU.Build.0 = Release|Any CPU
	EndGlobalSection
	GlobalSection(SolutionProperties) = preSolution
		HideSolutionNode = FALSE
	EndGlobalSection
	GlobalSection(ExtensibilityGlobals) = postSolution
		SolutionGuid = {E7DF374F-509F-4AA7-9F8C-3382DEBCDDBC}
	EndGlobalSection
EndGlobal
